version = 1
revision = 2
requires-python = ">=3.10, <3.13"

[[package]]
name = "lerobot-visualize-skill"
version = "0.1.0"
source = { virtual = "." }
dependencies = [
    { name = "usd-core" },
]

[package.metadata]
requires-dist = [{ name = "usd-core", specifier = ">=24.11,<26" }]

[[package]]
name = "usd-core"
version = "25.11"
source = { registry = "https://pypi.org/simple" }
wheels = [
    { url = "https://files.pythonhosted.org/packages/d3/0e/4d8fca99a8176a138da9adcb54e1e04d5c80aeb05441a8a7b9d9a224e0aa/usd_core-25.11-cp310-none-macosx_10_9_universal2.whl", hash = "sha256:99462dadaf2bada1d6780d46b6992ab876de2dc03afdf8bcdb9a55f6e8ac4370", size = 38455982, upload-time = "2025-10-24T19:01:05.787Z" },
    { url = "https://files.pythonhosted.org/packages/91/2b/5a88e24d3d5289feaa62b3a996fdeaa96e66029acd5b218298944573f2ba/usd_core-25.11-cp310-none-manylinux_2_17_x86_64.manylinux2014_x86_64.whl", hash = "sha256:2e7fe932069500056510c0881ed4627b654180d2fdb39998f78391cf0d701b1f", size = 27524067, upload-time = "2025-10-24T19:01:08.909Z" },
    { url = "https://files.pythonhosted.org/packages/2b/0a/97b7ee04769171ccb7f6c27ae3a10cf461d4b924b48b2453423c9276747e/usd_core-25.11-cp310-none-win_amd64.whl", hash = "sha256:78aa4e5308042bb2f2358480f0ca3f4b416fbeb8363fbcf74bea527d7f8ba0ce", size = 13026494, upload-time = "2025-10-24T19:01:12.535Z" },
    { url = "https://files.pythonhosted.org/packages/da/9a/2a27b2ff16f8def2ef384a7deebb0e670c1016ea9e5ce7b0ebb14bb9ea93/usd_core-25.11-cp311-none-macosx_10_9_universal2.whl", hash = "sha256:3485b21e8319a74b860df96122fbf7c43a2018b76dd975d3855a5f88a5cdba67", size = 38455875, upload-time = "2025-10-24T19:01:15.247Z" },
    { url = "https://files.pythonhosted.org/packages/78/6a/fe4feefe867e92e3c657c38bc0041a2b39e035f7fdf37b4d9394c959871e/usd_core-25.11-cp311-none-manylinux_2_17_x86_64.manylinux2014_x86_64.whl", hash = "sha256:a971c76ee4470a318df0517109fa8302f4bfa4f42c1f26b011658bb2ae6b6fa4", size = 27516181, upload-time = "2025-10-24T19:01:18.508Z" },
    { url = "https://files.pythonhosted.org/packages/ef/12/50ab94ef969c4f9cfd08a9086ebd544e9fa3caadd57587e8851e612f2805/usd_core-25.11-cp311-none-win_amd64.whl", hash = "sha256:dff4cf30a36659ce8ddf35b8d013ee02516487174aafa806938c34a782cde89c", size = 13027051, upload-time = "2025-10-24T19:01:21.832Z" },
    { url = "https://files.pythonhosted.org/packages/6c/a4/92db335084f0de14b5d4e1800b847057e3ef36bdbb211e5617f3d9940e92/usd_core-25.11-cp312-none-macosx_10_9_universal2.whl", hash = "sha256:bbf89d0671e0773b957a5a3a3e0178e13d4318d46fd8201fcf1d87e3d5501556", size = 38511379, upload-time = "2025-10-24T19:01:24.506Z" },
    { url = "https://files.pythonhosted.org/packages/ed/f1/dbf18bee5b569a06119f0cde798daeef4837887594a0caf415eb1d75112a/usd_core-25.11-cp312-none-manylinux_2_17_x86_64.manylinux2014_x86_64.whl", hash = "sha256:c05c05150f6c4598e0738677f0b7c8f82ff9fc492d040ed78147eb1ad5ce8545", size = 27393145, upload-time = "2025-10-24T19:01:27.841Z" },
    { url = "https://files.pythonhosted.org/packages/48/34/dd9883f27526288de19741100cb5b75f2725423367a999c055a677d1d88a/usd_core-25.11-cp312-none-win_amd64.whl", hash = "sha256:7bc5aaad20287bfc821e73e2ced99123e448e40ffd018acf99b09975eab4012d", size = 13061673, upload-time = "2025-10-24T19:01:30.396Z" },
]
